// !$*UTF8*$!
{
	archiveVersion = 1;
	classes = {
	};
	objectVersion = 48;
	objects = {

/* Begin PBXBuildFile section */
		C31CFE721FD0BF0E001B9295 /* AppDelegate.swift in Sources */ = {isa = PBXBuildFile; fileRef = C31CFE711FD0BF0E001B9295 /* AppDelegate.swift */; };
		C31CFE741FD0BF0E001B9295 /* ViewController.swift in Sources */ = {isa = PBXBuildFile; fileRef = C31CFE731FD0BF0E001B9295 /* ViewController.swift */; };
		C31CFE771FD0BF0E001B9295 /* Main.storyboard in Resources */ = {isa = PBXBuildFile; fileRef = C31CFE751FD0BF0E001B9295 /* Main.storyboard */; };
		C31CFE791FD0BF0E001B9295 /* Assets.xcassets in Resources */ = {isa = PBXBuildFile; fileRef = C31CFE781FD0BF0E001B9295 /* Assets.xcassets */; };
		C31CFE7C1FD0BF0E001B9295 /* LaunchScreen.storyboard in Resources */ = {isa = PBXBuildFile; fileRef = C31CFE7A1FD0BF0E001B9295 /* LaunchScreen.storyboard */; };
/* End PBXBuildFile section */

/* Begin PBXFileReference section */
		C31CFE6E1FD0BF0E001B9295 /* map-view-app.app */ = {isa = PBXFileReference; explicitFileType = wrapper.application; includeInIndex = 0; path = "map-view-app.app"; sourceTree = BUILT_PRODUCTS_DIR; };
		C31CFE711FD0BF0E001B9295 /* AppDelegate.swift */ = {isa = PBXFileReference; lastKnownFileType = sourcecode.swift; path = AppDelegate.swift; sourceTree = "<group>"; };
		C31CFE731FD0BF0E001B9295 /* ViewController.swift */ = {isa = PBXFileReference; lastKnownFileType = sourcecode.swift; path = ViewController.swift; sourceTree = "<group>"; };
		C31CFE761FD0BF0E001B9295 /* Base */ = {isa = PBXFileReference; lastKnownFileType = file.storyboard; name = Base; path = Base.lproj/Main.storyboard; sourceTree = "<group>"; };
		C31CFE781FD0BF0E001B9295 /* Assets.xcassets */ = {isa = PBXFileReference; lastKnownFileType = folder.assetcatalog; path = Assets.xcassets; sourceTree = "<group>"; };
		C31CFE7B1FD0BF0E001B9295 /* Base */ = {isa = PBXFileReference; lastKnownFileType = file.storyboard; name = Base; path = Base.lproj/LaunchScreen.storyboard; sourceTree = "<group>"; };
		C31CFE7D1FD0BF0E001B9295 /* Info.plist */ = {isa = PBXFileReference; lastKnownFileType = text.plist.xml; path = Info.plist; sourceTree = "<group>"; };
/* End PBXFileReference section */

/* Begin PBXFrameworksBuildPhase section */
		C31CFE6B1FD0BF0E001B9295 /* Frameworks */ = {
			isa = PBXFrameworksBuildPhase;
			buildActionMask = 2147483647;
			files = (
			);
			runOnlyForDeploymentPostprocessing = 0;
		};
/* End PBXFrameworksBuildPhase section */

/* Begin PBXGroup section */
		C31CFE651FD0BF0E001B9295 = {
			isa = PBXGroup;
			children = (
				C31CFE701FD0BF0E001B9295 /* map-view-app */,
				C31CFE6F1FD0BF0E001B9295 /* Products */,
			);
			sourceTree = "<group>";
		};
		C31CFE6F1FD0BF0E001B9295 /* Products */ = {
			isa = PBXGroup;
			children = (
				C31CFE6E1FD0BF0E001B9295 /* map-view-app.app */,
			);
			name = Products;
			sourceTree = "<group>";
		};
		C31CFE701FD0BF0E001B9295 /* map-view-app */ = {
			isa = PBXGroup;
			children = (
				C31CFE711FD0BF0E001B9295 /* AppDelegate.swift */,
				C31CFE731FD0BF0E001B9295 /* ViewController.swift */,
				C31CFE751FD0BF0E001B9295 /* Main.storyboard */,
				C31CFE781FD0BF0E001B9295 /* Assets.xcassets */,
				C31CFE7A1FD0BF0E001B9295 /* LaunchScreen.storyboard */,
				C31CFE7D1FD0BF0E001B9295 /* Info.plist */,
			);
			path = "map-view-app";
			sourceTree = "<group>";
		};
/* End PBXGroup section */

/* Begin PBXNativeTarget section */
		C31CFE6D1FD0BF0E001B9295 /* map-view-app */ = {
			isa = PBXNativeTarget;
			buildConfigurationList = C31CFE801FD0BF0E001B9295 /* Build configuration list for PBXNativeTarget "map-view-app" */;
			buildPhases = (
				C31CFE6A1FD0BF0E001B9295 /* Sources */,
				C31CFE6B1FD0BF0E001B9295 /* Frameworks */,
				C31CFE6C1FD0BF0E001B9295 /* Resources */,
			);
			buildRules = (
			);
			dependencies = (
			);
			name = "map-view-app";
			productName = "map-view-app";
			productReference = C31CFE6E1FD0BF0E001B9295 /* map-view-app.app */;
			productType = "com.apple.product-type.application";
		};
/* End PBXNativeTarget section */

/* Begin PBXProject section */
		C31CFE661FD0BF0E001B9295 /* Project object */ = {
			isa = PBXProject;
			attributes = {
				LastSwiftUpdateCheck = 0910;
				LastUpgradeCheck = 0910;
				ORGANIZATIONNAME = "Konrad Najder";
				TargetAttributes = {
					C31CFE6D1FD0BF0E001B9295 = {
						CreatedOnToolsVersion = 9.1;
						ProvisioningStyle = Automatic;
					};
				};
			};
			buildConfigurationList = C31CFE691FD0BF0E001B9295 /* Build configuration list for PBXProject "map-view-app" */;
			compatibilityVersion = "Xcode 8.0";
			developmentRegion = en;
			hasScannedForEncodings = 0;
			knownRegions = (
				en,
				Base,
			);
			mainGroup = C31CFE651FD0BF0E001B9295;
			productRefGroup = C31CFE6F1FD0BF0E001B9295 /* Products */;
			projectDirPath = "";
			projectRoot = "";
			targets = (
				C31CFE6D1FD0BF0E001B9295 /* map-view-app */,
			);
		};
/* End PBXProject section */

/* Begin PBXResourcesBuildPhase section */
		C31CFE6C1FD0BF0E001B9295 /* Resources */ = {
			isa = PBXResourcesBuildPhase;
			buildActionMask = 2147483647;
			files = (
				C31CFE7C1FD0BF0E001B9295 /* LaunchScreen.storyboard in Resources */,
				C31CFE791FD0BF0E001B9295 /* Assets.xcassets in Resources */,
				C31CFE771FD0BF0E001B9295 /* Main.storyboard in Resources */,
			);
			runOnlyForDeploymentPostprocessing = 0;
		};
/* End PBXResourcesBuildPhase section */

/* Begin PBXSourcesBuildPhase section */
		C31CFE6A1FD0BF0E001B9295 /* Sources */ = {
			isa = PBXSourcesBuildPhase;
			buildActionMask = 2147483647;
			files = (
				C31CFE741FD0BF0E001B9295 /* ViewController.swift in Sources */,
				C31CFE721FD0BF0E001B9295 /* AppDelegate.swift in Sources */,
			);
			runOnlyForDeploymentPostprocessing = 0;
		};
/* End PBXSourcesBuildPhase section */

/* Begin PBXVariantGroup section */
		C31CFE751FD0BF0E001B9295 /* Main.storyboard */ = {
			isa = PBXVariantGroup;
			children = (
				C31CFE761FD0BF0E001B9295 /* Base */,
			);
			name = Main.storyboard;
			sourceTree = "<group>";
		};
		C31CFE7A1FD0BF0E001B9295 /* LaunchScreen.storyboard */ = {
			isa = PBXVariantGroup;
			children = (
				C31CFE7B1FD0BF0E001B9295 /* Base */,
			);
			name = LaunchScreen.storyboard;
			sourceTree = "<group>";
		};
/* End PBXVariantGroup section */

/* Begin XCBuildConfiguration section */
		C31CFE7E1FD0BF0E001B9295 /* Debug */ = {
			isa = XCBuildConfiguration;
			buildSettings = {
				ALWAYS_SEARCH_USER_PATHS = NO;
				CLANG_ANALYZER_NONNULL = YES;
				CLANG_ANALYZER_NUMBER_OBJECT_CONVERSION = YES_AGGRESSIVE;
				CLANG_CXX_LANGUAGE_STANDARD = "gnu++14";
				CLANG_CXX_LIBRARY = "libc++";
				CLANG_ENABLE_MODULES = YES;
				CLANG_ENABLE_OBJC_ARC = YES;
				CLANG_WARN_BLOCK_CAPTURE_AUTORELEASING = YES;
				CLANG_WARN_BOOL_CONVERSION = YES;
				CLANG_WARN_COMMA = YES;
				CLANG_WARN_CONSTANT_CONVERSION = YES;
				CLANG_WARN_DIRECT_OBJC_ISA_USAGE = YES_ERROR;
				CLANG_WARN_DOCUMENTATION_COMMENTS = YES;
				CLANG_WARN_EMPTY_BODY = YES;
				CLANG_WARN_ENUM_CONVERSION = YES;
				CLANG_WARN_INFINITE_RECURSION = YES;
				CLANG_WARN_INT_CONVERSION = YES;
				CLANG_WARN_NON_LITERAL_NULL_CONVERSION = YES;
				CLANG_WARN_OBJC_LITERAL_CONVERSION = YES;
				CLANG_WARN_OBJC_ROOT_CLASS = YES_ERROR;
				CLANG_WARN_RANGE_LOOP_ANALYSIS = YES;
				CLANG_WARN_STRICT_PROTOTYPES = YES;
				CLANG_WARN_SUSPICIOUS_MOVE = YES;
				CLANG_WARN_UNGUARDED_AVAILABILITY = YES_AGGRESSIVE;
				CLANG_WARN_UNREACHABLE_CODE = YES;
				CLANG_WARN__DUPLICATE_METHOD_MATCH = YES;
				CODE_SIGN_IDENTITY = "iPhone Developer";
				COPY_PHASE_STRIP = NO;
				DEBUG_INFORMATION_FORMAT = dwarf;
				ENABLE_STRICT_OBJC_MSGSEND = YES;
				ENABLE_TESTABILITY = YES;
				GCC_C_LANGUAGE_STANDARD = gnu11;
				GCC_DYNAMIC_NO_PIC = NO;
				GCC_NO_COMMON_BLOCKS = YES;
				GCC_OPTIMIZATION_LEVEL = 0;
				GCC_PREPROCESSOR_DEFINITIONS = (
					"DEBUG=1",
					"$(inherited)",
				);
				GCC_WARN_64_TO_32_BIT_CONVERSION = YES;
				GCC_WARN_ABOUT_RETURN_TYPE = YES_ERROR;
				GCC_WARN_UNDECLARED_SELECTOR = YES;
				GCC_WARN_UNINITIALIZED_AUTOS = YES_AGGRESSIVE;
				GCC_WARN_UNUSED_FUNCTION = YES;
				GCC_WARN_UNUSED_VARIABLE = YES;
				IPHONEOS_DEPLOYMENT_TARGET = 11.1;
				MTL_ENABLE_DEBUG_INFO = YES;
				ONLY_ACTIVE_ARCH = YES;
				SDKROOT = iphoneos;
				SWIFT_ACTIVE_COMPILATION_CONDITIONS = DEBUG;
				SWIFT_OPTIMIZATION_LEVEL = "-Onone";
			};
			name = Debug;
		};
		C31CFE7F1FD0BF0E001B9295 /* Release */ = {
			isa = XCBuildConfiguration;
			buildSettings = {
				ALWAYS_SEARCH_USER_PATHS = NO;
				CLANG_ANALYZER_NONNULL = YES;
				CLANG_ANALYZER_NUMBER_OBJECT_CONVERSION = YES_AGGRESSIVE;
				CLANG_CXX_LANGUAGE_STANDARD = "gnu++14";
				CLANG_CXX_LIBRARY = "libc++";
				CLANG_ENABLE_MODULES = YES;
				CLANG_ENABLE_OBJC_ARC = YES;
				CLANG_WARN_BLOCK_CAPTURE_AUTORELEASING = YES;
				CLANG_WARN_BOOL_CONVERSION = YES;
				CLANG_WARN_COMMA = YES;
				CLANG_WARN_CONSTANT_CONVERSION = YES;
				CLANG_WARN_DIRECT_OBJC_ISA_USAGE = YES_ERROR;
				CLANG_WARN_DOCUMENTATION_COMMENTS = YES;
				CLANG_WARN_EMPTY_BODY = YES;
				CLANG_WARN_ENUM_CONVERSION = YES;
				CLANG_WARN_INFINITE_RECURSION = YES;
				CLANG_WARN_INT_CONVERSION = YES;
				CLANG_WARN_NON_LITERAL_NULL_CONVERSION = YES;
				CLANG_WARN_OBJC_LITERAL_CONVERSION = YES;
				CLANG_WARN_OBJC_ROOT_CLASS = YES_ERROR;
				CLANG_WARN_RANGE_LOOP_ANALYSIS = YES;
				CLANG_WARN_STRICT_PROTOTYPES = YES;
				CLANG_WARN_SUSPICIOUS_MOVE = YES;
				CLANG_WARN_UNGUARDED_AVAILABILITY = YES_AGGRESSIVE;
				CLANG_WARN_UNREACHABLE_CODE = YES;
				CLANG_WARN__DUPLICATE_METHOD_MATCH = YES;
				CODE_SIGN_IDENTITY = "iPhone Developer";
				COPY_PHASE_STRIP = NO;
				DEBUG_INFORMATION_FORMAT = "dwarf-with-dsym";
				ENABLE_NS_ASSERTIONS = NO;
				ENABLE_STRICT_OBJC_MSGSEND = YES;
				GCC_C_LANGUAGE_STANDARD = gnu11;
				GCC_NO_COMMON_BLOCKS = YES;
				GCC_WARN_64_TO_32_BIT_CONVERSION = YES;
				GCC_WARN_ABOUT_RETURN_TYPE = YES_ERROR;
				GCC_WARN_UNDECLARED_SELECTOR = YES;
				GCC_WARN_UNINITIALIZED_AUTOS = YES_AGGRESSIVE;
				GCC_WARN_UNUSED_FUNCTION = YES;
				GCC_WARN_UNUSED_VARIABLE = YES;
				IPHONEOS_DEPLOYMENT_TARGET = 11.1;
				MTL_ENABLE_DEBUG_INFO = NO;
				SDKROOT = iphoneos;
				SWIFT_OPTIMIZATION_LEVEL = "-Owholemodule";
				VALIDATE_PRODUCT = YES;
			};
			name = Release;
		};
		C31CFE811FD0BF0E001B9295 /* Debug */ = {
			isa = XCBuildConfiguration;
			buildSettings = {
				ASSETCATALOG_COMPILER_APPICON_NAME = AppIcon;
				CODE_SIGN_STYLE = Automatic;
				INFOPLIST_FILE = "map-view-app/Info.plist";
				LD_RUNPATH_SEARCH_PATHS = "$(inherited) @executable_path/Frameworks";
				PRODUCT_BUNDLE_IDENTIFIER = "pl.agh.map-view-app";
				PRODUCT_NAME = "$(TARGET_NAME)";
				SWIFT_VERSION = 4.0;
				TARGETED_DEVICE_FAMILY = "1,2";
			};
			name = Debug;
		};
		C31CFE821FD0BF0E001B9295 /* Release */ = {
			isa = XCBuildConfiguration;
			buildSettings = {
				ASSETCATALOG_COMPILER_APPICON_NAME = AppIcon;
				CODE_SIGN_STYLE = Automatic;
				INFOPLIST_FILE = "map-view-app/Info.plist";
				LD_RUNPATH_SEARCH_PATHS = "$(inherited) @executable_path/Frameworks";
				PRODUCT_BUNDLE_IDENTIFIER = "pl.agh.map-view-app";
				PRODUCT_NAME = "$(TARGET_NAME)";
				SWIFT_VERSION = 4.0;
				TARGETED_DEVICE_FAMILY = "1,2";
			};
			name = Release;
		};
/* End XCBuildConfiguration section */

/* Begin XCConfigurationList section */
		C31CFE691FD0BF0E001B9295 /* Build configuration list for PBXProject "map-view-app" */ = {
			isa = XCConfigurationList;
			buildConfigurations = (
				C31CFE7E1FD0BF0E001B9295 /* Debug */,
				C31CFE7F1FD0BF0E001B9295 /* Release */,
			);
			defaultConfigurationIsVisible = 0;
			defaultConfigurationName = Release;
		};
		C31CFE801FD0BF0E001B9295 /* Build configuration list for PBXNativeTarget "map-view-app" */ = {
			isa = XCConfigurationList;
			buildConfigurations = (
				C31CFE811FD0BF0E001B9295 /* Debug */,
				C31CFE821FD0BF0E001B9295 /* Release */,
			);
			defaultConfigurationIsVisible = 0;
			defaultConfigurationName = Release;
		};
/* End XCConfigurationList section */
	};
	rootObject = C31CFE661FD0BF0E001B9295 /* Project object */;
}
